// !$*UTF8*$!
{
	archiveVersion = 1;
	classes = {
	};
	objectVersion = 77;
	objects = {

/* Begin PBXContainerItemProxy section */
		EA40B31E2E14083D005FB443 /* PBXContainerItemProxy */ = {
			isa = PBXContainerItemProxy;
			containerPortal = EA0E68992DEEC89E007A8EE2 /* Project object */;
			proxyType = 1;
			remoteGlobalIDString = EA0E68A02DEEC89F007A8EE2;
			remoteInfo = SwiftfullThinkingAdvancedLearning;
		};
		EA9C72EA2E15781300912C57 /* PBXContainerItemProxy */ = {
			isa = PBXContainerItemProxy;
			containerPortal = EA0E68992DEEC89E007A8EE2 /* Project object */;
			proxyType = 1;
			remoteGlobalIDString = EA0E68A02DEEC89F007A8EE2;
			remoteInfo = SwiftfullThinkingAdvancedLearning;
		};
/* End PBXContainerItemProxy section */

/* Begin PBXFileReference section */
		EA0E68A12DEEC89F007A8EE2 /* SwiftfullThinkingAdvancedLearning.app */ = {isa = PBXFileReference; explicitFileType = wrapper.application; includeInIndex = 0; path = SwiftfullThinkingAdvancedLearning.app; sourceTree = BUILT_PRODUCTS_DIR; };
		EA40B31A2E14083D005FB443 /* SwiftfullThinkingAdvancedLearning_Tests.xctest */ = {isa = PBXFileReference; explicitFileType = wrapper.cfbundle; includeInIndex = 0; path = SwiftfullThinkingAdvancedLearning_Tests.xctest; sourceTree = BUILT_PRODUCTS_DIR; };
		EA9C72E42E15781300912C57 /* SwiftfullThinkingAdvancedLearning_UITests.xctest */ = {isa = PBXFileReference; explicitFileType = wrapper.cfbundle; includeInIndex = 0; path = SwiftfullThinkingAdvancedLearning_UITests.xctest; sourceTree = BUILT_PRODUCTS_DIR; };
/* End PBXFileReference section */

/* Begin PBXFileSystemSynchronizedRootGroup section */
		EA0E68A32DEEC89F007A8EE2 /* SwiftfullThinkingAdvancedLearning */ = {
			isa = PBXFileSystemSynchronizedRootGroup;
			path = SwiftfullThinkingAdvancedLearning;
			sourceTree = "<group>";
		};
		EA40B31B2E14083D005FB443 /* SwiftfullThinkingAdvancedLearning_Tests */ = {
			isa = PBXFileSystemSynchronizedRootGroup;
			path = SwiftfullThinkingAdvancedLearning_Tests;
			sourceTree = "<group>";
		};
		EA9C72E52E15781300912C57 /* SwiftfullThinkingAdvancedLearning_UITests */ = {
			isa = PBXFileSystemSynchronizedRootGroup;
			path = SwiftfullThinkingAdvancedLearning_UITests;
			sourceTree = "<group>";
		};
/* End PBXFileSystemSynchronizedRootGroup section */

/* Begin PBXFrameworksBuildPhase section */
		EA0E689E2DEEC89F007A8EE2 /* Frameworks */ = {
			isa = PBXFrameworksBuildPhase;
			buildActionMask = 2147483647;
			files = (
			);
			runOnlyForDeploymentPostprocessing = 0;
		};
		EA40B3172E14083D005FB443 /* Frameworks */ = {
			isa = PBXFrameworksBuildPhase;
			buildActionMask = 2147483647;
			files = (
			);
			runOnlyForDeploymentPostprocessing = 0;
		};
		EA9C72E12E15781300912C57 /* Frameworks */ = {
			isa = PBXFrameworksBuildPhase;
			buildActionMask = 2147483647;
			files = (
			);
			runOnlyForDeploymentPostprocessing = 0;
		};
/* End PBXFrameworksBuildPhase section */

/* Begin PBXGroup section */
		EA0E68982DEEC89E007A8EE2 = {
			isa = PBXGroup;
			children = (
				EA0E68A32DEEC89F007A8EE2 /* SwiftfullThinkingAdvancedLearning */,
				EA40B31B2E14083D005FB443 /* SwiftfullThinkingAdvancedLearning_Tests */,
				EA9C72E52E15781300912C57 /* SwiftfullThinkingAdvancedLearning_UITests */,
				EA0E68A22DEEC89F007A8EE2 /* Products */,
			);
			sourceTree = "<group>";
		};
		EA0E68A22DEEC89F007A8EE2 /* Products */ = {
			isa = PBXGroup;
			children = (
				EA0E68A12DEEC89F007A8EE2 /* SwiftfullThinkingAdvancedLearning.app */,
				EA40B31A2E14083D005FB443 /* SwiftfullThinkingAdvancedLearning_Tests.xctest */,
				EA9C72E42E15781300912C57 /* SwiftfullThinkingAdvancedLearning_UITests.xctest */,
			);
			name = Products;
			sourceTree = "<group>";
		};
/* End PBXGroup section */

/* Begin PBXNativeTarget section */
		EA0E68A02DEEC89F007A8EE2 /* SwiftfullThinkingAdvancedLearning */ = {
			isa = PBXNativeTarget;
			buildConfigurationList = EA0E68AE2DEEC8A1007A8EE2 /* Build configuration list for PBXNativeTarget "SwiftfullThinkingAdvancedLearning" */;
			buildPhases = (
				EA0E689D2DEEC89F007A8EE2 /* Sources */,
				EA0E689E2DEEC89F007A8EE2 /* Frameworks */,
				EA0E689F2DEEC89F007A8EE2 /* Resources */,
			);
			buildRules = (
			);
			dependencies = (
			);
			fileSystemSynchronizedGroups = (
				EA0E68A32DEEC89F007A8EE2 /* SwiftfullThinkingAdvancedLearning */,
			);
			name = SwiftfullThinkingAdvancedLearning;
			packageProductDependencies = (
			);
			productName = SwiftfullThinkingAdvancedLearning;
			productReference = EA0E68A12DEEC89F007A8EE2 /* SwiftfullThinkingAdvancedLearning.app */;
			productType = "com.apple.product-type.application";
		};
		EA40B3192E14083D005FB443 /* SwiftfullThinkingAdvancedLearning_Tests */ = {
			isa = PBXNativeTarget;
			buildConfigurationList = EA40B3202E14083D005FB443 /* Build configuration list for PBXNativeTarget "SwiftfullThinkingAdvancedLearning_Tests" */;
			buildPhases = (
				EA40B3162E14083D005FB443 /* Sources */,
				EA40B3172E14083D005FB443 /* Frameworks */,
				EA40B3182E14083D005FB443 /* Resources */,
			);
			buildRules = (
			);
			dependencies = (
				EA40B31F2E14083D005FB443 /* PBXTargetDependency */,
			);
			fileSystemSynchronizedGroups = (
				EA40B31B2E14083D005FB443 /* SwiftfullThinkingAdvancedLearning_Tests */,
			);
			name = SwiftfullThinkingAdvancedLearning_Tests;
			packageProductDependencies = (
			);
			productName = SwiftfullThinkingAdvancedLearning_Tests;
			productReference = EA40B31A2E14083D005FB443 /* SwiftfullThinkingAdvancedLearning_Tests.xctest */;
			productType = "com.apple.product-type.bundle.unit-test";
		};
		EA9C72E32E15781300912C57 /* SwiftfullThinkingAdvancedLearning_UITests */ = {
			isa = PBXNativeTarget;
			buildConfigurationList = EA9C72EC2E15781300912C57 /* Build configuration list for PBXNativeTarget "SwiftfullThinkingAdvancedLearning_UITests" */;
			buildPhases = (
				EA9C72E02E15781300912C57 /* Sources */,
				EA9C72E12E15781300912C57 /* Frameworks */,
				EA9C72E22E15781300912C57 /* Resources */,
			);
			buildRules = (
			);
			dependencies = (
				EA9C72EB2E15781300912C57 /* PBXTargetDependency */,
			);
			fileSystemSynchronizedGroups = (
				EA9C72E52E15781300912C57 /* SwiftfullThinkingAdvancedLearning_UITests */,
			);
			name = SwiftfullThinkingAdvancedLearning_UITests;
			packageProductDependencies = (
			);
			productName = SwiftfullThinkingAdvancedLearning_UITests;
			productReference = EA9C72E42E15781300912C57 /* SwiftfullThinkingAdvancedLearning_UITests.xctest */;
			productType = "com.apple.product-type.bundle.ui-testing";
		};
/* End PBXNativeTarget section */

/* Begin PBXProject section */
		EA0E68992DEEC89E007A8EE2 /* Project object */ = {
			isa = PBXProject;
			attributes = {
				BuildIndependentTargetsInParallel = 1;
				LastSwiftUpdateCheck = 1630;
				LastUpgradeCheck = 1630;
				TargetAttributes = {
					EA0E68A02DEEC89F007A8EE2 = {
						CreatedOnToolsVersion = 16.3;
					};
					EA40B3192E14083D005FB443 = {
						CreatedOnToolsVersion = 16.3;
						TestTargetID = EA0E68A02DEEC89F007A8EE2;
					};
					EA9C72E32E15781300912C57 = {
						CreatedOnToolsVersion = 16.3;
						TestTargetID = EA0E68A02DEEC89F007A8EE2;
					};
				};
			};
			buildConfigurationList = EA0E689C2DEEC89E007A8EE2 /* Build configuration list for PBXProject "SwiftfullThinkingAdvancedLearning" */;
			developmentRegion = en;
			hasScannedForEncodings = 0;
			knownRegions = (
				en,
				Base,
			);
			mainGroup = EA0E68982DEEC89E007A8EE2;
			minimizedProjectReferenceProxies = 1;
			preferredProjectObjectVersion = 77;
			productRefGroup = EA0E68A22DEEC89F007A8EE2 /* Products */;
			projectDirPath = "";
			projectRoot = "";
			targets = (
				EA0E68A02DEEC89F007A8EE2 /* SwiftfullThinkingAdvancedLearning */,
				EA40B3192E14083D005FB443 /* SwiftfullThinkingAdvancedLearning_Tests */,
				EA9C72E32E15781300912C57 /* SwiftfullThinkingAdvancedLearning_UITests */,
			);
		};
/* End PBXProject section */

/* Begin PBXResourcesBuildPhase section */
		EA0E689F2DEEC89F007A8EE2 /* Resources */ = {
			isa = PBXResourcesBuildPhase;
			buildActionMask = 2147483647;
			files = (
			);
			runOnlyForDeploymentPostprocessing = 0;
		};
		EA40B3182E14083D005FB443 /* Resources */ = {
			isa = PBXResourcesBuildPhase;
			buildActionMask = 2147483647;
			files = (
			);
			runOnlyForDeploymentPostprocessing = 0;
		};
		EA9C72E22E15781300912C57 /* Resources */ = {
			isa = PBXResourcesBuildPhase;
			buildActionMask = 2147483647;
			files = (
			);
			runOnlyForDeploymentPostprocessing = 0;
		};
/* End PBXResourcesBuildPhase section */

/* Begin PBXSourcesBuildPhase section */
		EA0E689D2DEEC89F007A8EE2 /* Sources */ = {
			isa = PBXSourcesBuildPhase;
			buildActionMask = 2147483647;
			files = (
			);
			runOnlyForDeploymentPostprocessing = 0;
		};
		EA40B3162E14083D005FB443 /* Sources */ = {
			isa = PBXSourcesBuildPhase;
			buildActionMask = 2147483647;
			files = (
			);
			runOnlyForDeploymentPostprocessing = 0;
		};
		EA9C72E02E15781300912C57 /* Sources */ = {
			isa = PBXSourcesBuildPhase;
			buildActionMask = 2147483647;
			files = (
			);
			runOnlyForDeploymentPostprocessing = 0;
		};
/* End PBXSourcesBuildPhase section */

/* Begin PBXTargetDependency section */
		EA40B31F2E14083D005FB443 /* PBXTargetDependency */ = {
			isa = PBXTargetDependency;
			target = EA0E68A02DEEC89F007A8EE2 /* SwiftfullThinkingAdvancedLearning */;
			targetProxy = EA40B31E2E14083D005FB443 /* PBXContainerItemProxy */;
		};
		EA9C72EB2E15781300912C57 /* PBXTargetDependency */ = {
			isa = PBXTargetDependency;
			target = EA0E68A02DEEC89F007A8EE2 /* SwiftfullThinkingAdvancedLearning */;
			targetProxy = EA9C72EA2E15781300912C57 /* PBXContainerItemProxy */;
		};
/* End PBXTargetDependency section */

/* Begin XCBuildConfiguration section */
		EA0E68AC2DEEC8A1007A8EE2 /* Debug */ = {
			isa = XCBuildConfiguration;
			buildSettings = {
				ALWAYS_SEARCH_USER_PATHS = NO;
				ASSETCATALOG_COMPILER_GENERATE_SWIFT_ASSET_SYMBOL_EXTENSIONS = YES;
				CLANG_ANALYZER_NONNULL = YES;
				CLANG_ANALYZER_NUMBER_OBJECT_CONVERSION = YES_AGGRESSIVE;
				CLANG_CXX_LANGUAGE_STANDARD = "gnu++20";
				CLANG_ENABLE_MODULES = YES;
				CLANG_ENABLE_OBJC_ARC = YES;
				CLANG_ENABLE_OBJC_WEAK = YES;
				CLANG_WARN_BLOCK_CAPTURE_AUTORELEASING = YES;
				CLANG_WARN_BOOL_CONVERSION = YES;
				CLANG_WARN_COMMA = YES;
				CLANG_WARN_CONSTANT_CONVERSION = YES;
				CLANG_WARN_DEPRECATED_OBJC_IMPLEMENTATIONS = YES;
				CLANG_WARN_DIRECT_OBJC_ISA_USAGE = YES_ERROR;
				CLANG_WARN_DOCUMENTATION_COMMENTS = YES;
				CLANG_WARN_EMPTY_BODY = YES;
				CLANG_WARN_ENUM_CONVERSION = YES;
				CLANG_WARN_INFINITE_RECURSION = YES;
				CLANG_WARN_INT_CONVERSION = YES;
				CLANG_WARN_NON_LITERAL_NULL_CONVERSION = YES;
				CLANG_WARN_OBJC_IMPLICIT_RETAIN_SELF = YES;
				CLANG_WARN_OBJC_LITERAL_CONVERSION = YES;
				CLANG_WARN_OBJC_ROOT_CLASS = YES_ERROR;
				CLANG_WARN_QUOTED_INCLUDE_IN_FRAMEWORK_HEADER = YES;
				CLANG_WARN_RANGE_LOOP_ANALYSIS = YES;
				CLANG_WARN_STRICT_PROTOTYPES = YES;
				CLANG_WARN_SUSPICIOUS_MOVE = YES;
				CLANG_WARN_UNGUARDED_AVAILABILITY = YES_AGGRESSIVE;
				CLANG_WARN_UNREACHABLE_CODE = YES;
				CLANG_WARN__DUPLICATE_METHOD_MATCH = YES;
				COPY_PHASE_STRIP = NO;
				DEBUG_INFORMATION_FORMAT = dwarf;
				DEVELOPMENT_TEAM = M42R572D95;
				ENABLE_STRICT_OBJC_MSGSEND = YES;
				ENABLE_TESTABILITY = YES;
				ENABLE_USER_SCRIPT_SANDBOXING = YES;
				GCC_C_LANGUAGE_STANDARD = gnu17;
				GCC_DYNAMIC_NO_PIC = NO;
				GCC_NO_COMMON_BLOCKS = YES;
				GCC_OPTIMIZATION_LEVEL = 0;
				GCC_PREPROCESSOR_DEFINITIONS = (
					"DEBUG=1",
					"$(inherited)",
				);
				GCC_WARN_64_TO_32_BIT_CONVERSION = YES;
				GCC_WARN_ABOUT_RETURN_TYPE = YES_ERROR;
				GCC_WARN_UNDECLARED_SELECTOR = YES;
				GCC_WARN_UNINITIALIZED_AUTOS = YES_AGGRESSIVE;
				GCC_WARN_UNUSED_FUNCTION = YES;
				GCC_WARN_UNUSED_VARIABLE = YES;
				IPHONEOS_DEPLOYMENT_TARGET = 18.4;
				LOCALIZATION_PREFERS_STRING_CATALOGS = YES;
				MTL_ENABLE_DEBUG_INFO = INCLUDE_SOURCE;
				MTL_FAST_MATH = YES;
				ONLY_ACTIVE_ARCH = YES;
				SDKROOT = iphoneos;
				SWIFT_ACTIVE_COMPILATION_CONDITIONS = "DEBUG $(inherited)";
				SWIFT_OPTIMIZATION_LEVEL = "-Onone";
			};
			name = Debug;
		};
		EA0E68AD2DEEC8A1007A8EE2 /* Release */ = {
			isa = XCBuildConfiguration;
			buildSettings = {
				ALWAYS_SEARCH_USER_PATHS = NO;
				ASSETCATALOG_COMPILER_GENERATE_SWIFT_ASSET_SYMBOL_EXTENSIONS = YES;
				CLANG_ANALYZER_NONNULL = YES;
				CLANG_ANALYZER_NUMBER_OBJECT_CONVERSION = YES_AGGRESSIVE;
				CLANG_CXX_LANGUAGE_STANDARD = "gnu++20";
				CLANG_ENABLE_MODULES = YES;
				CLANG_ENABLE_OBJC_ARC = YES;
				CLANG_ENABLE_OBJC_WEAK = YES;
				CLANG_WARN_BLOCK_CAPTURE_AUTORELEASING = YES;
				CLANG_WARN_BOOL_CONVERSION = YES;
				CLANG_WARN_COMMA = YES;
				CLANG_WARN_CONSTANT_CONVERSION = YES;
				CLANG_WARN_DEPRECATED_OBJC_IMPLEMENTATIONS = YES;
				CLANG_WARN_DIRECT_OBJC_ISA_USAGE = YES_ERROR;
				CLANG_WARN_DOCUMENTATION_COMMENTS = YES;
				CLANG_WARN_EMPTY_BODY = YES;
				CLANG_WARN_ENUM_CONVERSION = YES;
				CLANG_WARN_INFINITE_RECURSION = YES;
				CLANG_WARN_INT_CONVERSION = YES;
				CLANG_WARN_NON_LITERAL_NULL_CONVERSION = YES;
				CLANG_WARN_OBJC_IMPLICIT_RETAIN_SELF = YES;
				CLANG_WARN_OBJC_LITERAL_CONVERSION = YES;
				CLANG_WARN_OBJC_ROOT_CLASS = YES_ERROR;
				CLANG_WARN_QUOTED_INCLUDE_IN_FRAMEWORK_HEADER = YES;
				CLANG_WARN_RANGE_LOOP_ANALYSIS = YES;
				CLANG_WARN_STRICT_PROTOTYPES = YES;
				CLANG_WARN_SUSPICIOUS_MOVE = YES;
				CLANG_WARN_UNGUARDED_AVAILABILITY = YES_AGGRESSIVE;
				CLANG_WARN_UNREACHABLE_CODE = YES;
				CLANG_WARN__DUPLICATE_METHOD_MATCH = YES;
				COPY_PHASE_STRIP = NO;
				DEBUG_INFORMATION_FORMAT = "dwarf-with-dsym";
				DEVELOPMENT_TEAM = M42R572D95;
				ENABLE_NS_ASSERTIONS = NO;
				ENABLE_STRICT_OBJC_MSGSEND = YES;
				ENABLE_USER_SCRIPT_SANDBOXING = YES;
				GCC_C_LANGUAGE_STANDARD = gnu17;
				GCC_NO_COMMON_BLOCKS = YES;
				GCC_WARN_64_TO_32_BIT_CONVERSION = YES;
				GCC_WARN_ABOUT_RETURN_TYPE = YES_ERROR;
				GCC_WARN_UNDECLARED_SELECTOR = YES;
				GCC_WARN_UNINITIALIZED_AUTOS = YES_AGGRESSIVE;
				GCC_WARN_UNUSED_FUNCTION = YES;
				GCC_WARN_UNUSED_VARIABLE = YES;
				IPHONEOS_DEPLOYMENT_TARGET = 18.4;
				LOCALIZATION_PREFERS_STRING_CATALOGS = YES;
				MTL_ENABLE_DEBUG_INFO = NO;
				MTL_FAST_MATH = YES;
				SDKROOT = iphoneos;
				SWIFT_COMPILATION_MODE = wholemodule;
				VALIDATE_PRODUCT = YES;
			};
			name = Release;
		};
		EA0E68AF2DEEC8A1007A8EE2 /* Debug */ = {
			isa = XCBuildConfiguration;
			buildSettings = {
				ASSETCATALOG_COMPILER_APPICON_NAME = AppIcon;
				ASSETCATALOG_COMPILER_GLOBAL_ACCENT_COLOR_NAME = AccentColor;
				CODE_SIGN_ENTITLEMENTS = SwiftfullThinkingAdvancedLearning/SwiftfullThinkingAdvancedLearning.entitlements;
				CODE_SIGN_STYLE = Automatic;
				CURRENT_PROJECT_VERSION = 1;
				DEVELOPMENT_TEAM = M42R572D95;
				ENABLE_PREVIEWS = YES;
				GENERATE_INFOPLIST_FILE = YES;
				INFOPLIST_KEY_UIApplicationSceneManifest_Generation = YES;
				INFOPLIST_KEY_UIApplicationSupportsIndirectInputEvents = YES;
				INFOPLIST_KEY_UILaunchScreen_Generation = YES;
				INFOPLIST_KEY_UISupportedInterfaceOrientations_iPad = "UIInterfaceOrientationPortrait UIInterfaceOrientationPortraitUpsideDown UIInterfaceOrientationLandscapeLeft UIInterfaceOrientationLandscapeRight";
				INFOPLIST_KEY_UISupportedInterfaceOrientations_iPhone = "UIInterfaceOrientationPortrait UIInterfaceOrientationLandscapeLeft UIInterfaceOrientationLandscapeRight";
				IPHONEOS_DEPLOYMENT_TARGET = 17.6;
				LD_RUNPATH_SEARCH_PATHS = (
					"$(inherited)",
					"@executable_path/Frameworks",
				);
				MARKETING_VERSION = 1.0;
				PRODUCT_BUNDLE_IDENTIFIER = com.test.SwiftfullThinkingAdvancedLearning;
				PRODUCT_NAME = "$(TARGET_NAME)";
				SWIFT_EMIT_LOC_STRINGS = YES;
				SWIFT_VERSION = 5.0;
				TARGETED_DEVICE_FAMILY = "1,2";
			};
			name = Debug;
		};
		EA0E68B02DEEC8A1007A8EE2 /* Release */ = {
			isa = XCBuildConfiguration;
			buildSettings = {
				ASSETCATALOG_COMPILER_APPICON_NAME = AppIcon;
				ASSETCATALOG_COMPILER_GLOBAL_ACCENT_COLOR_NAME = AccentColor;
				CODE_SIGN_ENTITLEMENTS = SwiftfullThinkingAdvancedLearning/SwiftfullThinkingAdvancedLearning.entitlements;
				CODE_SIGN_STYLE = Automatic;
				CURRENT_PROJECT_VERSION = 1;
				DEVELOPMENT_TEAM = M42R572D95;
				ENABLE_PREVIEWS = YES;
				GENERATE_INFOPLIST_FILE = YES;
				INFOPLIST_KEY_UIApplicationSceneManifest_Generation = YES;
				INFOPLIST_KEY_UIApplicationSupportsIndirectInputEvents = YES;
				INFOPLIST_KEY_UILaunchScreen_Generation = YES;
				INFOPLIST_KEY_UISupportedInterfaceOrientations_iPad = "UIInterfaceOrientationPortrait UIInterfaceOrientationPortraitUpsideDown UIInterfaceOrientationLandscapeLeft UIInterfaceOrientationLandscapeRight";
				INFOPLIST_KEY_UISupportedInterfaceOrientations_iPhone = "UIInterfaceOrientationPortrait UIInterfaceOrientationLandscapeLeft UIInterfaceOrientationLandscapeRight";
				IPHONEOS_DEPLOYMENT_TARGET = 17.6;
				LD_RUNPATH_SEARCH_PATHS = (
					"$(inherited)",
					"@executable_path/Frameworks",
				);
				MARKETING_VERSION = 1.0;
				PRODUCT_BUNDLE_IDENTIFIER = com.test.SwiftfullThinkingAdvancedLearning;
				PRODUCT_NAME = "$(TARGET_NAME)";
				SWIFT_EMIT_LOC_STRINGS = YES;
				SWIFT_VERSION = 5.0;
				TARGETED_DEVICE_FAMILY = "1,2";
			};
			name = Release;
		};
		EA40B3212E14083D005FB443 /* Debug */ = {
			isa = XCBuildConfiguration;
			buildSettings = {
				BUNDLE_LOADER = "$(TEST_HOST)";
				CODE_SIGN_STYLE = Automatic;
				CURRENT_PROJECT_VERSION = 1;
				DEVELOPMENT_TEAM = M42R572D95;
				GENERATE_INFOPLIST_FILE = YES;
				MARKETING_VERSION = 1.0;
				PRODUCT_BUNDLE_IDENTIFIER = "com.husseini.SwiftfullThinkingAdvancedLearning-Tests";
				PRODUCT_NAME = "$(TARGET_NAME)";
				SWIFT_EMIT_LOC_STRINGS = NO;
				SWIFT_VERSION = 5.0;
				TARGETED_DEVICE_FAMILY = "1,2";
				TEST_HOST = "$(BUILT_PRODUCTS_DIR)/SwiftfullThinkingAdvancedLearning.app/$(BUNDLE_EXECUTABLE_FOLDER_PATH)/SwiftfullThinkingAdvancedLearning";
			};
			name = Debug;
		};
		EA40B3222E14083D005FB443 /* Release */ = {
			isa = XCBuildConfiguration;
			buildSettings = {
				BUNDLE_LOADER = "$(TEST_HOST)";
				CODE_SIGN_STYLE = Automatic;
				CURRENT_PROJECT_VERSION = 1;
				DEVELOPMENT_TEAM = M42R572D95;
				GENERATE_INFOPLIST_FILE = YES;
				MARKETING_VERSION = 1.0;
				PRODUCT_BUNDLE_IDENTIFIER = "com.husseini.SwiftfullThinkingAdvancedLearning-Tests";
				PRODUCT_NAME = "$(TARGET_NAME)";
				SWIFT_EMIT_LOC_STRINGS = NO;
				SWIFT_VERSION = 5.0;
				TARGETED_DEVICE_FAMILY = "1,2";
				TEST_HOST = "$(BUILT_PRODUCTS_DIR)/SwiftfullThinkingAdvancedLearning.app/$(BUNDLE_EXECUTABLE_FOLDER_PATH)/SwiftfullThinkingAdvancedLearning";
			};
			name = Release;
		};
		EA9C72ED2E15781300912C57 /* Debug */ = {
			isa = XCBuildConfiguration;
			buildSettings = {
				CODE_SIGN_STYLE = Automatic;
				CURRENT_PROJECT_VERSION = 1;
				DEVELOPMENT_TEAM = M42R572D95;
				GENERATE_INFOPLIST_FILE = YES;
				MARKETING_VERSION = 1.0;
				PRODUCT_BUNDLE_IDENTIFIER = "com.husseini.SwiftfullThinkingAdvancedLearning-UITests";
				PRODUCT_NAME = "$(TARGET_NAME)";
				SWIFT_EMIT_LOC_STRINGS = NO;
				SWIFT_VERSION = 5.0;
				TARGETED_DEVICE_FAMILY = "1,2";
				TEST_TARGET_NAME = SwiftfullThinkingAdvancedLearning;
			};
			name = Debug;
		};
		EA9C72EE2E15781300912C57 /* Release */ = {
			isa = XCBuildConfiguration;
			buildSettings = {
				CODE_SIGN_STYLE = Automatic;
				CURRENT_PROJECT_VERSION = 1;
				DEVELOPMENT_TEAM = M42R572D95;
				GENERATE_INFOPLIST_FILE = YES;
				MARKETING_VERSION = 1.0;
				PRODUCT_BUNDLE_IDENTIFIER = "com.husseini.SwiftfullThinkingAdvancedLearning-UITests";
				PRODUCT_NAME = "$(TARGET_NAME)";
				SWIFT_EMIT_LOC_STRINGS = NO;
				SWIFT_VERSION = 5.0;
				TARGETED_DEVICE_FAMILY = "1,2";
				TEST_TARGET_NAME = SwiftfullThinkingAdvancedLearning;
			};
			name = Release;
		};
/* End XCBuildConfiguration section */

/* Begin XCConfigurationList section */
		EA0E689C2DEEC89E007A8EE2 /* Build configuration list for PBXProject "SwiftfullThinkingAdvancedLearning" */ = {
			isa = XCConfigurationList;
			buildConfigurations = (
				EA0E68AC2DEEC8A1007A8EE2 /* Debug */,
				EA0E68AD2DEEC8A1007A8EE2 /* Release */,
			);
			defaultConfigurationIsVisible = 0;
			defaultConfigurationName = Release;
		};
		EA0E68AE2DEEC8A1007A8EE2 /* Build configuration list for PBXNativeTarget "SwiftfullThinkingAdvancedLearning" */ = {
			isa = XCConfigurationList;
			buildConfigurations = (
				EA0E68AF2DEEC8A1007A8EE2 /* Debug */,
				EA0E68B02DEEC8A1007A8EE2 /* Release */,
			);
			defaultConfigurationIsVisible = 0;
			defaultConfigurationName = Release;
		};
		EA40B3202E14083D005FB443 /* Build configuration list for PBXNativeTarget "SwiftfullThinkingAdvancedLearning_Tests" */ = {
			isa = XCConfigurationList;
			buildConfigurations = (
				EA40B3212E14083D005FB443 /* Debug */,
				EA40B3222E14083D005FB443 /* Release */,
			);
			defaultConfigurationIsVisible = 0;
			defaultConfigurationName = Release;
		};
		EA9C72EC2E15781300912C57 /* Build configuration list for PBXNativeTarget "SwiftfullThinkingAdvancedLearning_UITests" */ = {
			isa = XCConfigurationList;
			buildConfigurations = (
				EA9C72ED2E15781300912C57 /* Debug */,
				EA9C72EE2E15781300912C57 /* Release */,
			);
			defaultConfigurationIsVisible = 0;
			defaultConfigurationName = Release;
		};
/* End XCConfigurationList section */
	};
	rootObject = EA0E68992DEEC89E007A8EE2 /* Project object */;
}
